
Microsoft Visual Studio Solution File, Format Version 12.00
# Visual Studio Version 16
VisualStudioVersion = 16.0.32802.440
MinimumVisualStudioVersion = 10.0.40219.1
Project("{9A19103F-16F7-4668-BE54-9A1E7A4F7556}") = "Exceptions", "Exceptions.csproj", "{D9E765BE-A97E-465C-A951-31F097CE9C3E}"
EndProject
Project("{FAE04EC0-301F-11D3-BF4B-00C04F79EFBC}") = "Service", "..\Service\Service.csproj", "{4A963284-41AF-4F75-9BE1-1DCD07ED0E3D}"
EndProject
Project("{FAE04EC0-301F-11D3-BF4B-00C04F79EFBC}") = "Domain", "..\Domain\Domain.csproj", "{375DE18E-97A5-49ED-8FD9-2A962FB1D69E}"
EndProject
Global
	GlobalSection(SolutionConfigurationPlatforms) = preSolution
		Debug|Any CPU = Debug|Any CPU
		Release|Any CPU = Release|Any CPU
	EndGlobalSection
	GlobalSection(ProjectConfigurationPlatforms) = postSolution
		{D9E765BE-A97E-465C-A951-31F097CE9C3E}.Debug|Any CPU.ActiveCfg = Debug|Any CPU
		{D9E765BE-A97E-465C-A951-31F097CE9C3E}.Debug|Any CPU.Build.0 = Debug|Any CPU
		{D9E765BE-A97E-465C-A951-31F097CE9C3E}.Release|Any CPU.ActiveCfg = Release|Any CPU
		{D9E765BE-A97E-465C-A951-31F097CE9C3E}.Release|Any CPU.Build.0 = Release|Any CPU
		{4A963284-41AF-4F75-9BE1-1DCD07ED0E3D}.Debug|Any CPU.ActiveCfg = Debug|Any CPU
		{4A963284-41AF-4F75-9BE1-1DCD07ED0E3D}.Debug|Any CPU.Build.0 = Debug|Any CPU
		{4A963284-41AF-4F75-9BE1-1DCD07ED0E3D}.Release|Any CPU.ActiveCfg = Release|Any CPU
		{4A963284-41AF-4F75-9BE1-1DCD07ED0E3D}.Release|Any CPU.Build.0 = Release|Any CPU
		{375DE18E-97A5-49ED-8FD9-2A962FB1D69E}.Debug|Any CPU.ActiveCfg = Debug|Any CPU
		{375DE18E-97A5-49ED-8FD9-2A962FB1D69E}.Debug|Any CPU.Build.0 = Debug|Any CPU
		{375DE18E-97A5-49ED-8FD9-2A962FB1D69E}.Release|Any CPU.ActiveCfg = Release|Any CPU
		{375DE18E-97A5-49ED-8FD9-2A962FB1D69E}.Release|Any CPU.Build.0 = Release|Any CPU
	EndGlobalSection
	GlobalSection(SolutionProperties) = preSolution
		HideSolutionNode = FALSE
	EndGlobalSection
	GlobalSection(ExtensibilityGlobals) = postSolution
		SolutionGuid = {3856FD9B-8232-42D9-852F-630CD32D3E9A}
	EndGlobalSection
EndGlobal
